
Microsoft Visual Studio Solution File, Format Version 12.00
# Visual Studio Version 16
VisualStudioVersion = 16.0.35325.158
MinimumVisualStudioVersion = 10.0.40219.1
Project("{FAE04EC0-301F-11D3-BF4B-00C04F79EFBC}") = "AdventOfCode2024", "AdventOfCode2024.csproj", "{0A593BC2-6542-4F06-B3F7-8A7B15B739B5}"
EndProject
Global
	GlobalSection(SolutionConfigurationPlatforms) = preSolution
		Debug|Any CPU = Debug|Any CPU
		Release|Any CPU = Release|Any CPU
	EndGlobalSection
	GlobalSection(ProjectConfigurationPlatforms) = postSolution
		{0A593BC2-6542-4F06-B3F7-8A7B15B739B5}.Debug|Any CPU.ActiveCfg = Debug|Any CPU
		{0A593BC2-6542-4F06-B3F7-8A7B15B739B5}.Debug|Any CPU.Build.0 = Debug|Any CPU
		{0A593BC2-6542-4F06-B3F7-8A7B15B739B5}.Release|Any CPU.ActiveCfg = Release|Any CPU
		{0A593BC2-6542-4F06-B3F7-8A7B15B739B5}.Release|Any CPU.Build.0 = Release|Any CPU
	EndGlobalSection
	GlobalSection(SolutionProperties) = preSolution
		HideSolutionNode = FALSE
	EndGlobalSection
	GlobalSection(ExtensibilityGlobals) = postSolution
		SolutionGuid = {44290B80-CF3E-417C-8E72-CDB32EB868FE}
	EndGlobalSection
EndGlobal
